
Microsoft Visual Studio Solution File, Format Version 12.00
# Visual Studio Version 16
VisualStudioVersion = 16.0.29519.181
MinimumVisualStudioVersion = 10.0.40219.1
Project("{FAE04EC0-301F-11D3-BF4B-00C04F79EFBC}") = "D1-Sinif_Arrayi", "D1-Sinif_Arrayi\D1-Sinif_Arrayi.csproj", "{3E1ECB0E-B506-47AD-9746-E4492A5A4B09}"
EndProject
Global
	GlobalSection(SolutionConfigurationPlatforms) = preSolution
		Debug|Any CPU = Debug|Any CPU
		Release|Any CPU = Release|Any CPU
	EndGlobalSection
	GlobalSection(ProjectConfigurationPlatforms) = postSolution
		{3E1ECB0E-B506-47AD-9746-E4492A5A4B09}.Debug|Any CPU.ActiveCfg = Debug|Any CPU
		{3E1ECB0E-B506-47AD-9746-E4492A5A4B09}.Debug|Any CPU.Build.0 = Debug|Any CPU
		{3E1ECB0E-B506-47AD-9746-E4492A5A4B09}.Release|Any CPU.ActiveCfg = Release|Any CPU
		{3E1ECB0E-B506-47AD-9746-E4492A5A4B09}.Release|Any CPU.Build.0 = Release|Any CPU
	EndGlobalSection
	GlobalSection(SolutionProperties) = preSolution
		HideSolutionNode = FALSE
	EndGlobalSection
	GlobalSection(ExtensibilityGlobals) = postSolution
		SolutionGuid = {1495E9FA-9816-49E3-AD01-91E4BBF2D686}
	EndGlobalSection
EndGlobal
